
Microsoft Visual Studio Solution File, Format Version 12.00
# Visual Studio Version 17
VisualStudioVersion = 17.3.32811.315
MinimumVisualStudioVersion = 10.0.40219.1
Project("{FAE04EC0-301F-11D3-BF4B-00C04F79EFBC}") = "Guía4FFechahora", "Guía4FFechahora\Guía4FFechahora.csproj", "{9A048675-F599-4352-8C75-1122A588575F}"
EndProject
Global
	GlobalSection(SolutionConfigurationPlatforms) = preSolution
		Debug|Any CPU = Debug|Any CPU
		Release|Any CPU = Release|Any CPU
	EndGlobalSection
	GlobalSection(ProjectConfigurationPlatforms) = postSolution
		{9A048675-F599-4352-8C75-1122A588575F}.Debug|Any CPU.ActiveCfg = Debug|Any CPU
		{9A048675-F599-4352-8C75-1122A588575F}.Debug|Any CPU.Build.0 = Debug|Any CPU
		{9A048675-F599-4352-8C75-1122A588575F}.Release|Any CPU.ActiveCfg = Release|Any CPU
		{9A048675-F599-4352-8C75-1122A588575F}.Release|Any CPU.Build.0 = Release|Any CPU
	EndGlobalSection
	GlobalSection(SolutionProperties) = preSolution
		HideSolutionNode = FALSE
	EndGlobalSection
	GlobalSection(ExtensibilityGlobals) = postSolution
		SolutionGuid = {CD605EF0-9BFE-450D-ABC0-AF912F848B34}
	EndGlobalSection
EndGlobal
